
Microsoft Visual Studio Solution File, Format Version 12.00
# Visual Studio Version 16
VisualStudioVersion = 16.0.29911.84
MinimumVisualStudioVersion = 10.0.40219.1
Project("{FAE04EC0-301F-11D3-BF4B-00C04F79EFBC}") = "InscatteringStandalone", "InscatteringStandalone\InscatteringStandalone.csproj", "{9A78944C-B773-4611-B9A1-8A55DFE5B36D}"
EndProject
Global
	GlobalSection(SolutionConfigurationPlatforms) = preSolution
		Debug|Any CPU = Debug|Any CPU
		Release|Any CPU = Release|Any CPU
	EndGlobalSection
	GlobalSection(ProjectConfigurationPlatforms) = postSolution
		{9A78944C-B773-4611-B9A1-8A55DFE5B36D}.Debug|Any CPU.ActiveCfg = Debug|Any CPU
		{9A78944C-B773-4611-B9A1-8A55DFE5B36D}.Debug|Any CPU.Build.0 = Debug|Any CPU
		{9A78944C-B773-4611-B9A1-8A55DFE5B36D}.Release|Any CPU.ActiveCfg = Release|Any CPU
		{9A78944C-B773-4611-B9A1-8A55DFE5B36D}.Release|Any CPU.Build.0 = Release|Any CPU
	EndGlobalSection
	GlobalSection(SolutionProperties) = preSolution
		HideSolutionNode = FALSE
	EndGlobalSection
	GlobalSection(ExtensibilityGlobals) = postSolution
		SolutionGuid = {3E466335-1C3F-4862-9642-FA4E676D2D48}
	EndGlobalSection
EndGlobal
