
Microsoft Visual Studio Solution File, Format Version 12.00
# Visual Studio Version 16
VisualStudioVersion = 16.0.29911.84
MinimumVisualStudioVersion = 10.0.40219.1
Project("{FAE04EC0-301F-11D3-BF4B-00C04F79EFBC}") = "RedBlueCloudScanTest", "RedBlueCloudScanTest\RedBlueCloudScanTest.csproj", "{E2484E46-DB85-4EDF-A980-CA17FD399F67}"
EndProject
Global
	GlobalSection(SolutionConfigurationPlatforms) = preSolution
		Debug|Any CPU = Debug|Any CPU
		Release|Any CPU = Release|Any CPU
	EndGlobalSection
	GlobalSection(ProjectConfigurationPlatforms) = postSolution
		{E2484E46-DB85-4EDF-A980-CA17FD399F67}.Debug|Any CPU.ActiveCfg = Debug|Any CPU
		{E2484E46-DB85-4EDF-A980-CA17FD399F67}.Debug|Any CPU.Build.0 = Debug|Any CPU
		{E2484E46-DB85-4EDF-A980-CA17FD399F67}.Release|Any CPU.ActiveCfg = Release|Any CPU
		{E2484E46-DB85-4EDF-A980-CA17FD399F67}.Release|Any CPU.Build.0 = Release|Any CPU
	EndGlobalSection
	GlobalSection(SolutionProperties) = preSolution
		HideSolutionNode = FALSE
	EndGlobalSection
	GlobalSection(ExtensibilityGlobals) = postSolution
		SolutionGuid = {98B57E0E-99A3-41A1-AD4F-FCCF589DCF75}
	EndGlobalSection
EndGlobal
