<?xml version="1.0" encoding="utf-8"?>
<Project ToolsVersion="4.0" xmlns="http://schemas.microsoft.com/developer/msbuild/2003">
  <ItemGroup>
    <Filter Include="Source Files">
      <UniqueIdentifier>{4FC737F1-C7A5-4376-A066-2A32D752A2FF}</UniqueIdentifier>
      <Extensions>cpp;c;cc;cxx;def;odl;idl;hpj;bat;asm;asmx</Extensions>
    </Filter>
    <Filter Include="Header Files">
      <UniqueIdentifier>{93995380-89BD-4b04-88EB-625FBE52EBFB}</UniqueIdentifier>
      <Extensions>h;hh;hpp;hxx;hm;inl;inc;ipp;xsd</Extensions>
    </Filter>
    <Filter Include="Resource Files">
      <UniqueIdentifier>{67DA6AB6-F800-4c08-8B7A-83BB121AAD01}</UniqueIdentifier>
      <Extensions>rc;ico;cur;bmp;dlg;rc2;rct;bin;rgs;gif;jpg;jpeg;jpe;resx;tiff;tif;png;wav;mfcribbon-ms</Extensions>
    </Filter>
    <Filter Include="Header Files\Objects">
      <UniqueIdentifier>{ef1cf78f-769f-4906-bc36-7bd422f9f5ab}</UniqueIdentifier>
    </Filter>
    <Filter Include="Header Files\Hosek-Wilkie">
      <UniqueIdentifier>{2ab0832e-34a2-4efe-a5cf-3c8c53985128}</UniqueIdentifier>
    </Filter>
    <Filter Include="Source Files\Hosek-Wilkie">
      <UniqueIdentifier>{cbe5dbe3-1603-495c-b4e3-2f5d52e5e3c3}</UniqueIdentifier>
    </Filter>
    <Filter Include="Source Files\Objects">
      <UniqueIdentifier>{d2fa5d82-7180-4b46-b6b4-04657f3a1cef}</UniqueIdentifier>
    </Filter>
    <Filter Include="Header Files\nlohmann">
      <UniqueIdentifier>{cf755578-b542-4cc4-9a96-1e33752f3f65}</UniqueIdentifier>
    </Filter>
  </ItemGroup>
  <ItemGroup>
    <ClInclude Include="spectrum.h">
      <Filter>Header Files</Filter>
    </ClInclude>
    <ClInclude Include="math.h">
      <Filter>Header Files</Filter>
    </ClInclude>
    <ClInclude Include="geometry.h">
      <Filter>Header Files</Filter>
    </ClInclude>
    <ClInclude Include="Object.h">
      <Filter>Header Files\Objects</Filter>
    </ClInclude>
    <ClInclude Include="ArHosekSkyModel.h">
      <Filter>Header Files\Hosek-Wilkie</Filter>
    </ClInclude>
    <ClInclude Include="ArHosekSkyModelData_CIEXYZ.h">
      <Filter>Header Files\Hosek-Wilkie</Filter>
    </ClInclude>
    <ClInclude Include="ArHosekSkyModelData_RGB.h">
      <Filter>Header Files\Hosek-Wilkie</Filter>
    </ClInclude>
    <ClInclude Include="ArHosekSkyModelData_Spectral.h">
      <Filter>Header Files\Hosek-Wilkie</Filter>
    </ClInclude>
    <ClInclude Include="Raytracer.h">
      <Filter>Header Files</Filter>
    </ClInclude>
    <ClInclude Include="OrthoNormalBasis.h">
      <Filter>Header Files</Filter>
    </ClInclude>
    <ClInclude Include="VDBLoader.h">
      <Filter>Header Files</Filter>
    </ClInclude>
    <ClInclude Include="BoxObject.h">
      <Filter>Header Files\Objects</Filter>
    </ClInclude>
    <ClInclude Include="SphereObject.h">
      <Filter>Header Files\Objects</Filter>
    </ClInclude>
    <ClInclude Include="Box.h">
      <Filter>Header Files</Filter>
    </ClInclude>
    <ClInclude Include="VolumetricObject.h">
      <Filter>Header Files\Objects</Filter>
    </ClInclude>
    <ClInclude Include="nlohmann\json.hpp">
      <Filter>Header Files\nlohmann</Filter>
    </ClInclude>
    <ClInclude Include="globals.h">
      <Filter>Header Files</Filter>
    </ClInclude>
  </ItemGroup>
  <ItemGroup>
    <ClCompile Include="spectrum.cpp">
      <Filter>Source Files</Filter>
    </ClCompile>
    <ClCompile Include="ArHosekSkyModel.cpp">
      <Filter>Source Files\Hosek-Wilkie</Filter>
    </ClCompile>
    <ClCompile Include="main.cpp">
      <Filter>Source Files</Filter>
    </ClCompile>
    <ClCompile Include="Raytracer.cpp">
      <Filter>Source Files</Filter>
    </ClCompile>
    <ClCompile Include="OrthoNormalBasis.cpp">
      <Filter>Source Files</Filter>
    </ClCompile>
    <ClCompile Include="HenyeyGreenstein.h">
      <Filter>Header Files</Filter>
    </ClCompile>
    <ClCompile Include="VDBLoader.cpp">
      <Filter>Source Files</Filter>
    </ClCompile>
    <ClCompile Include="BoxObject.cpp">
      <Filter>Source Files\Objects</Filter>
    </ClCompile>
    <ClCompile Include="SphereObject.cpp">
      <Filter>Source Files\Objects</Filter>
    </ClCompile>
    <ClCompile Include="VolumetricObject.cpp">
      <Filter>Source Files\Objects</Filter>
    </ClCompile>
    <ClCompile Include="globals.cpp">
      <Filter>Source Files</Filter>
    </ClCompile>
  </ItemGroup>
</Project>