
Microsoft Visual Studio Solution File, Format Version 12.00
# Visual Studio Version 16
VisualStudioVersion = 16.0.29911.84
MinimumVisualStudioVersion = 10.0.40219.1
Project("{FAE04EC0-301F-11D3-BF4B-00C04F79EFBC}") = "RedBlueExtended", "RedBlueExtended.csproj", "{6546F6DC-3992-4C19-91DF-B6561B14F4F2}"
EndProject
Global
	GlobalSection(SolutionConfigurationPlatforms) = preSolution
		Debug|Any CPU = Debug|Any CPU
		Release|Any CPU = Release|Any CPU
	EndGlobalSection
	GlobalSection(ProjectConfigurationPlatforms) = postSolution
		{6546F6DC-3992-4C19-91DF-B6561B14F4F2}.Debug|Any CPU.ActiveCfg = Debug|Any CPU
		{6546F6DC-3992-4C19-91DF-B6561B14F4F2}.Debug|Any CPU.Build.0 = Debug|Any CPU
		{6546F6DC-3992-4C19-91DF-B6561B14F4F2}.Release|Any CPU.ActiveCfg = Release|Any CPU
		{6546F6DC-3992-4C19-91DF-B6561B14F4F2}.Release|Any CPU.Build.0 = Release|Any CPU
	EndGlobalSection
	GlobalSection(SolutionProperties) = preSolution
		HideSolutionNode = FALSE
	EndGlobalSection
	GlobalSection(ExtensibilityGlobals) = postSolution
		SolutionGuid = {C2F6CD10-CEC7-47B7-BCF9-8B1CF4025B4E}
	EndGlobalSection
EndGlobal
